// !$*UTF8*$!
{
	archiveVersion = 1;
	classes = {
	};
	objectVersion = 56;
	objects = {

/* Begin PBXFileReference section */
		0CA6B9D6298EB8A900BD9047 /* MyPlayground.playground */ = {isa = PBXFileReference; lastKnownFileType = file.playground; path = MyPlayground.playground; sourceTree = "<group>"; xcLanguageSpecificationIdentifier = xcode.lang.swift; };
/* End PBXFileReference section */

/* Begin PBXGroup section */
		0CA6B9CF298EB89D00BD9047 = {
			isa = PBXGroup;
			children = (
				0CA6B9D6298EB8A900BD9047 /* MyPlayground.playground */,
			);
			sourceTree = "<group>";
		};
/* End PBXGroup section */

/* Begin PBXProject section */
		0CA6B9D0298EB89D00BD9047 /* Project object */ = {
			isa = PBXProject;
			attributes = {
				BuildIndependentTargetsInParallel = 1;
				LastUpgradeCheck = 1420;
			};
			buildConfigurationList = 0CA6B9D3298EB89D00BD9047 /* Build configuration list for PBXProject "Basics" */;
			compatibilityVersion = "Xcode 14.0";
			developmentRegion = en;
			hasScannedForEncodings = 0;
			knownRegions = (
				en,
				Base,
			);
			mainGroup = 0CA6B9CF298EB89D00BD9047;
			projectDirPath = "";
			projectRoot = "";
			targets = (
			);
		};
/* End PBXProject section */

/* Begin XCBuildConfiguration section */
		0CA6B9D4298EB89D00BD9047 /* Debug */ = {
			isa = XCBuildConfiguration;
			buildSettings = {
			};
			name = Debug;
		};
		0CA6B9D5298EB89D00BD9047 /* Release */ = {
			isa = XCBuildConfiguration;
			buildSettings = {
			};
			name = Release;
		};
/* End XCBuildConfiguration section */

/* Begin XCConfigurationList section */
		0CA6B9D3298EB89D00BD9047 /* Build configuration list for PBXProject "Basics" */ = {
			isa = XCConfigurationList;
			buildConfigurations = (
				0CA6B9D4298EB89D00BD9047 /* Debug */,
				0CA6B9D5298EB89D00BD9047 /* Release */,
			);
			defaultConfigurationIsVisible = 0;
			defaultConfigurationName = Release;
		};
/* End XCConfigurationList section */
	};
	rootObject = 0CA6B9D0298EB89D00BD9047 /* Project object */;
}
